
Microsoft Visual Studio Solution File, Format Version 12.00
# Visual Studio Version 16
VisualStudioVersion = 16.0.32106.194
MinimumVisualStudioVersion = 10.0.40219.1
Project("{FAE04EC0-301F-11D3-BF4B-00C04F79EFBC}") = "serviciosReniec", "serviciosReniec\serviciosReniec.csproj", "{EC8EF857-15B4-4E40-8AF8-D256FFEE53C0}"
EndProject
Project("{FAE04EC0-301F-11D3-BF4B-00C04F79EFBC}") = "ClienteReniecWeb", "ClienteReniecWeb\ClienteReniecWeb.csproj", "{EE2465D8-4FFC-49FE-B78B-EBC4220C33A2}"
	ProjectSection(ProjectDependencies) = postProject
		{EC8EF857-15B4-4E40-8AF8-D256FFEE53C0} = {EC8EF857-15B4-4E40-8AF8-D256FFEE53C0}
	EndProjectSection
EndProject
Global
	GlobalSection(SolutionConfigurationPlatforms) = preSolution
		Debug|Any CPU = Debug|Any CPU
		Release|Any CPU = Release|Any CPU
	EndGlobalSection
	GlobalSection(ProjectConfigurationPlatforms) = postSolution
		{EC8EF857-15B4-4E40-8AF8-D256FFEE53C0}.Debug|Any CPU.ActiveCfg = Debug|Any CPU
		{EC8EF857-15B4-4E40-8AF8-D256FFEE53C0}.Debug|Any CPU.Build.0 = Debug|Any CPU
		{EC8EF857-15B4-4E40-8AF8-D256FFEE53C0}.Release|Any CPU.ActiveCfg = Release|Any CPU
		{EC8EF857-15B4-4E40-8AF8-D256FFEE53C0}.Release|Any CPU.Build.0 = Release|Any CPU
		{EE2465D8-4FFC-49FE-B78B-EBC4220C33A2}.Debug|Any CPU.ActiveCfg = Debug|Any CPU
		{EE2465D8-4FFC-49FE-B78B-EBC4220C33A2}.Debug|Any CPU.Build.0 = Debug|Any CPU
		{EE2465D8-4FFC-49FE-B78B-EBC4220C33A2}.Release|Any CPU.ActiveCfg = Release|Any CPU
		{EE2465D8-4FFC-49FE-B78B-EBC4220C33A2}.Release|Any CPU.Build.0 = Release|Any CPU
	EndGlobalSection
	GlobalSection(SolutionProperties) = preSolution
		HideSolutionNode = FALSE
	EndGlobalSection
	GlobalSection(ExtensibilityGlobals) = postSolution
		SolutionGuid = {9EAA701B-62EE-44CB-853A-8F068A2BAAF0}
	EndGlobalSection
EndGlobal
